
Microsoft Visual Studio Solution File, Format Version 12.00
# Visual Studio Version 17
VisualStudioVersion = 17.3.32929.385
MinimumVisualStudioVersion = 10.0.40219.1
Project("{9A19103F-16F7-4668-BE54-9A1E7A4F7556}") = "MISA.QLTS.API", "MISA.QLTS.API\MISA.QLTS.API.csproj", "{3B0878C4-079F-44A4-8368-6329B43729D8}"
EndProject
Project("{9A19103F-16F7-4668-BE54-9A1E7A4F7556}") = "MISA.QLTS.BL", "MISA.QLTS.BL\MISA.QLTS.BL.csproj", "{98398A5A-7087-4305-A7B8-BAA1A93BBFF6}"
EndProject
Project("{9A19103F-16F7-4668-BE54-9A1E7A4F7556}") = "MISA.QLTS.DL", "MISA.QLTS.DL\MISA.QLTS.DL.csproj", "{28E985F4-B31B-4808-8D69-CB153A91CB3B}"
EndProject
Project("{9A19103F-16F7-4668-BE54-9A1E7A4F7556}") = "MISA.QLTS.Common", "MISA.QLTS.Common\MISA.QLTS.Common.csproj", "{A8719E0B-FD25-4128-BF73-72BECD414BDF}"
EndProject
Global
	GlobalSection(SolutionConfigurationPlatforms) = preSolution
		Debug|Any CPU = Debug|Any CPU
		Release|Any CPU = Release|Any CPU
	EndGlobalSection
	GlobalSection(ProjectConfigurationPlatforms) = postSolution
		{3B0878C4-079F-44A4-8368-6329B43729D8}.Debug|Any CPU.ActiveCfg = Debug|Any CPU
		{3B0878C4-079F-44A4-8368-6329B43729D8}.Debug|Any CPU.Build.0 = Debug|Any CPU
		{3B0878C4-079F-44A4-8368-6329B43729D8}.Release|Any CPU.ActiveCfg = Release|Any CPU
		{3B0878C4-079F-44A4-8368-6329B43729D8}.Release|Any CPU.Build.0 = Release|Any CPU
		{98398A5A-7087-4305-A7B8-BAA1A93BBFF6}.Debug|Any CPU.ActiveCfg = Debug|Any CPU
		{98398A5A-7087-4305-A7B8-BAA1A93BBFF6}.Debug|Any CPU.Build.0 = Debug|Any CPU
		{98398A5A-7087-4305-A7B8-BAA1A93BBFF6}.Release|Any CPU.ActiveCfg = Release|Any CPU
		{98398A5A-7087-4305-A7B8-BAA1A93BBFF6}.Release|Any CPU.Build.0 = Release|Any CPU
		{28E985F4-B31B-4808-8D69-CB153A91CB3B}.Debug|Any CPU.ActiveCfg = Debug|Any CPU
		{28E985F4-B31B-4808-8D69-CB153A91CB3B}.Debug|Any CPU.Build.0 = Debug|Any CPU
		{28E985F4-B31B-4808-8D69-CB153A91CB3B}.Release|Any CPU.ActiveCfg = Release|Any CPU
		{28E985F4-B31B-4808-8D69-CB153A91CB3B}.Release|Any CPU.Build.0 = Release|Any CPU
		{A8719E0B-FD25-4128-BF73-72BECD414BDF}.Debug|Any CPU.ActiveCfg = Debug|Any CPU
		{A8719E0B-FD25-4128-BF73-72BECD414BDF}.Debug|Any CPU.Build.0 = Debug|Any CPU
		{A8719E0B-FD25-4128-BF73-72BECD414BDF}.Release|Any CPU.ActiveCfg = Release|Any CPU
		{A8719E0B-FD25-4128-BF73-72BECD414BDF}.Release|Any CPU.Build.0 = Release|Any CPU
	EndGlobalSection
	GlobalSection(SolutionProperties) = preSolution
		HideSolutionNode = FALSE
	EndGlobalSection
	GlobalSection(ExtensibilityGlobals) = postSolution
		SolutionGuid = {8D2836F6-03BC-453E-B8B9-FFC0123A1634}
	EndGlobalSection
EndGlobal
